
Microsoft Visual Studio Solution File, Format Version 12.00
# Visual Studio 2013
VisualStudioVersion = 12.0.30723.0
MinimumVisualStudioVersion = 10.0.40219.1
Project("{FAE04EC0-301F-11D3-BF4B-00C04F79EFBC}") = "QlikAuthNet", "QlikAuthNet\QlikAuthNet.csproj", "{F2289F87-E68A-4BCE-9C33-894FF6032E44}"
EndProject
Project("{FAE04EC0-301F-11D3-BF4B-00C04F79EFBC}") = "AuthenticationModuleDemo", "AuthenticationModuleDemo\AuthenticationModuleDemo.csproj", "{31BD3490-3F6C-42CA-9C33-FD6E270590C3}"
EndProject
Global
	GlobalSection(SolutionConfigurationPlatforms) = preSolution
		Debug|Any CPU = Debug|Any CPU
		Release|Any CPU = Release|Any CPU
	EndGlobalSection
	GlobalSection(ProjectConfigurationPlatforms) = postSolution
		{F2289F87-E68A-4BCE-9C33-894FF6032E44}.Debug|Any CPU.ActiveCfg = Debug|Any CPU
		{F2289F87-E68A-4BCE-9C33-894FF6032E44}.Debug|Any CPU.Build.0 = Debug|Any CPU
		{F2289F87-E68A-4BCE-9C33-894FF6032E44}.Release|Any CPU.ActiveCfg = Release|Any CPU
		{F2289F87-E68A-4BCE-9C33-894FF6032E44}.Release|Any CPU.Build.0 = Release|Any CPU
		{31BD3490-3F6C-42CA-9C33-FD6E270590C3}.Debug|Any CPU.ActiveCfg = Debug|Any CPU
		{31BD3490-3F6C-42CA-9C33-FD6E270590C3}.Debug|Any CPU.Build.0 = Debug|Any CPU
		{31BD3490-3F6C-42CA-9C33-FD6E270590C3}.Release|Any CPU.ActiveCfg = Release|Any CPU
		{31BD3490-3F6C-42CA-9C33-FD6E270590C3}.Release|Any CPU.Build.0 = Release|Any CPU
	EndGlobalSection
	GlobalSection(SolutionProperties) = preSolution
		HideSolutionNode = FALSE
	EndGlobalSection
EndGlobal
